
Microsoft Visual Studio Solution File, Format Version 12.00
# Visual Studio 15
VisualStudioVersion = 15.0.28307.1831
MinimumVisualStudioVersion = 10.0.40219.1
Project("{FAE04EC0-301F-11D3-BF4B-00C04F79EFBC}") = "AplikasiThread_1295", "AplikasiThread_1295\AplikasiThread_1295.csproj", "{F68DDBE1-5E80-4D60-BDB4-F400E8FAEB23}"
EndProject
Global
	GlobalSection(SolutionConfigurationPlatforms) = preSolution
		Debug|Any CPU = Debug|Any CPU
		Release|Any CPU = Release|Any CPU
	EndGlobalSection
	GlobalSection(ProjectConfigurationPlatforms) = postSolution
		{F68DDBE1-5E80-4D60-BDB4-F400E8FAEB23}.Debug|Any CPU.ActiveCfg = Debug|Any CPU
		{F68DDBE1-5E80-4D60-BDB4-F400E8FAEB23}.Debug|Any CPU.Build.0 = Debug|Any CPU
		{F68DDBE1-5E80-4D60-BDB4-F400E8FAEB23}.Release|Any CPU.ActiveCfg = Release|Any CPU
		{F68DDBE1-5E80-4D60-BDB4-F400E8FAEB23}.Release|Any CPU.Build.0 = Release|Any CPU
	EndGlobalSection
	GlobalSection(SolutionProperties) = preSolution
		HideSolutionNode = FALSE
	EndGlobalSection
	GlobalSection(ExtensibilityGlobals) = postSolution
		SolutionGuid = {2DB646A8-CE40-4218-BB38-017FF6E0D7FF}
	EndGlobalSection
EndGlobal
