
Microsoft Visual Studio Solution File, Format Version 12.00
# Visual Studio 15
VisualStudioVersion = 15.0.28307.1831
MinimumVisualStudioVersion = 10.0.40219.1
Project("{FAE04EC0-301F-11D3-BF4B-00C04F79EFBC}") = "GajiClient_1295", "GajiClient_1295\GajiClient_1295.csproj", "{15C07466-48E9-45C4-9529-DCAB0A96C4E8}"
EndProject
Global
	GlobalSection(SolutionConfigurationPlatforms) = preSolution
		Debug|Any CPU = Debug|Any CPU
		Release|Any CPU = Release|Any CPU
	EndGlobalSection
	GlobalSection(ProjectConfigurationPlatforms) = postSolution
		{15C07466-48E9-45C4-9529-DCAB0A96C4E8}.Debug|Any CPU.ActiveCfg = Debug|Any CPU
		{15C07466-48E9-45C4-9529-DCAB0A96C4E8}.Debug|Any CPU.Build.0 = Debug|Any CPU
		{15C07466-48E9-45C4-9529-DCAB0A96C4E8}.Release|Any CPU.ActiveCfg = Release|Any CPU
		{15C07466-48E9-45C4-9529-DCAB0A96C4E8}.Release|Any CPU.Build.0 = Release|Any CPU
	EndGlobalSection
	GlobalSection(SolutionProperties) = preSolution
		HideSolutionNode = FALSE
	EndGlobalSection
	GlobalSection(ExtensibilityGlobals) = postSolution
		SolutionGuid = {CAD9BC42-DF94-4880-BD37-8C7A44B8CA0F}
	EndGlobalSection
EndGlobal
